
Microsoft Visual Studio Solution File, Format Version 12.00
# Visual Studio Version 16
VisualStudioVersion = 16.0.31402.337
MinimumVisualStudioVersion = 10.0.40219.1
Project("{FAE04EC0-301F-11D3-BF4B-00C04F79EFBC}") = "paint", "paint\paint.csproj", "{AF946F84-E55B-4670-9EF8-EF623DB8B901}"
EndProject
Global
	GlobalSection(SolutionConfigurationPlatforms) = preSolution
		Debug|Any CPU = Debug|Any CPU
		Release|Any CPU = Release|Any CPU
	EndGlobalSection
	GlobalSection(ProjectConfigurationPlatforms) = postSolution
		{AF946F84-E55B-4670-9EF8-EF623DB8B901}.Debug|Any CPU.ActiveCfg = Debug|Any CPU
		{AF946F84-E55B-4670-9EF8-EF623DB8B901}.Debug|Any CPU.Build.0 = Debug|Any CPU
		{AF946F84-E55B-4670-9EF8-EF623DB8B901}.Release|Any CPU.ActiveCfg = Release|Any CPU
		{AF946F84-E55B-4670-9EF8-EF623DB8B901}.Release|Any CPU.Build.0 = Release|Any CPU
	EndGlobalSection
	GlobalSection(SolutionProperties) = preSolution
		HideSolutionNode = FALSE
	EndGlobalSection
	GlobalSection(ExtensibilityGlobals) = postSolution
		SolutionGuid = {6CB32008-B05C-4DDB-88CF-3D4738419107}
	EndGlobalSection
EndGlobal
