
Microsoft Visual Studio Solution File, Format Version 12.00
# Visual Studio Version 16
VisualStudioVersion = 16.0.31402.337
MinimumVisualStudioVersion = 10.0.40219.1
Project("{FAE04EC0-301F-11D3-BF4B-00C04F79EFBC}") = "Lab_1", "Lab_1\Lab_1.csproj", "{A99923F0-F09E-41CC-B812-25DB3849AF9E}"
EndProject
Global
	GlobalSection(SolutionConfigurationPlatforms) = preSolution
		Debug|Any CPU = Debug|Any CPU
		Release|Any CPU = Release|Any CPU
	EndGlobalSection
	GlobalSection(ProjectConfigurationPlatforms) = postSolution
		{A99923F0-F09E-41CC-B812-25DB3849AF9E}.Debug|Any CPU.ActiveCfg = Debug|Any CPU
		{A99923F0-F09E-41CC-B812-25DB3849AF9E}.Debug|Any CPU.Build.0 = Debug|Any CPU
		{A99923F0-F09E-41CC-B812-25DB3849AF9E}.Release|Any CPU.ActiveCfg = Release|Any CPU
		{A99923F0-F09E-41CC-B812-25DB3849AF9E}.Release|Any CPU.Build.0 = Release|Any CPU
	EndGlobalSection
	GlobalSection(SolutionProperties) = preSolution
		HideSolutionNode = FALSE
	EndGlobalSection
	GlobalSection(ExtensibilityGlobals) = postSolution
		SolutionGuid = {CAC665AA-68B7-4315-8E9D-755A6B2B5D6A}
	EndGlobalSection
EndGlobal
